// !$*UTF8*$!
{
	archiveVersion = 1;
	classes = {
	};
	objectVersion = 46;
	objects = {

/* Begin PBXBuildFile section */
		AF85F1F01CA102D6000DF74E /* PhotoStore.swift in Sources */ = {isa = PBXBuildFile; fileRef = AF85F1EF1CA102D6000DF74E /* PhotoStore.swift */; };
		AF91A43B1C9FC0C600286E9B /* AppDelegate.swift in Sources */ = {isa = PBXBuildFile; fileRef = AF91A43A1C9FC0C600286E9B /* AppDelegate.swift */; };
		AF91A4401C9FC0C600286E9B /* Main.storyboard in Resources */ = {isa = PBXBuildFile; fileRef = AF91A43E1C9FC0C600286E9B /* Main.storyboard */; };
		AF91A4421C9FC0C600286E9B /* Assets.xcassets in Resources */ = {isa = PBXBuildFile; fileRef = AF91A4411C9FC0C600286E9B /* Assets.xcassets */; };
		AF91A4451C9FC0C600286E9B /* LaunchScreen.storyboard in Resources */ = {isa = PBXBuildFile; fileRef = AF91A4431C9FC0C600286E9B /* LaunchScreen.storyboard */; };
		AF91A44D1C9FC0E000286E9B /* .gitignore in Resources */ = {isa = PBXBuildFile; fileRef = AF91A44C1C9FC0E000286E9B /* .gitignore */; };
		AF91A44F1C9FC28D00286E9B /* PhotosViewController.swift in Sources */ = {isa = PBXBuildFile; fileRef = AF91A44E1C9FC28D00286E9B /* PhotosViewController.swift */; };
		AF91A4511C9FC68700286E9B /* FlickrAPI.swift in Sources */ = {isa = PBXBuildFile; fileRef = AF91A4501C9FC68700286E9B /* FlickrAPI.swift */; };
/* End PBXBuildFile section */

/* Begin PBXFileReference section */
		AF85F1EF1CA102D6000DF74E /* PhotoStore.swift */ = {isa = PBXFileReference; fileEncoding = 4; lastKnownFileType = sourcecode.swift; path = PhotoStore.swift; sourceTree = "<group>"; };
		AF91A4371C9FC0C600286E9B /* Photorama.app */ = {isa = PBXFileReference; explicitFileType = wrapper.application; includeInIndex = 0; path = Photorama.app; sourceTree = BUILT_PRODUCTS_DIR; };
		AF91A43A1C9FC0C600286E9B /* AppDelegate.swift */ = {isa = PBXFileReference; lastKnownFileType = sourcecode.swift; path = AppDelegate.swift; sourceTree = "<group>"; };
		AF91A43F1C9FC0C600286E9B /* Base */ = {isa = PBXFileReference; lastKnownFileType = file.storyboard; name = Base; path = Base.lproj/Main.storyboard; sourceTree = "<group>"; };
		AF91A4411C9FC0C600286E9B /* Assets.xcassets */ = {isa = PBXFileReference; lastKnownFileType = folder.assetcatalog; path = Assets.xcassets; sourceTree = "<group>"; };
		AF91A4441C9FC0C600286E9B /* Base */ = {isa = PBXFileReference; lastKnownFileType = file.storyboard; name = Base; path = Base.lproj/LaunchScreen.storyboard; sourceTree = "<group>"; };
		AF91A4461C9FC0C600286E9B /* Info.plist */ = {isa = PBXFileReference; lastKnownFileType = text.plist.xml; path = Info.plist; sourceTree = "<group>"; };
		AF91A44C1C9FC0E000286E9B /* .gitignore */ = {isa = PBXFileReference; fileEncoding = 4; lastKnownFileType = text; path = .gitignore; sourceTree = "<group>"; };
		AF91A44E1C9FC28D00286E9B /* PhotosViewController.swift */ = {isa = PBXFileReference; fileEncoding = 4; lastKnownFileType = sourcecode.swift; path = PhotosViewController.swift; sourceTree = "<group>"; };
		AF91A4501C9FC68700286E9B /* FlickrAPI.swift */ = {isa = PBXFileReference; fileEncoding = 4; lastKnownFileType = sourcecode.swift; path = FlickrAPI.swift; sourceTree = "<group>"; };
/* End PBXFileReference section */

/* Begin PBXFrameworksBuildPhase section */
		AF91A4341C9FC0C600286E9B /* Frameworks */ = {
			isa = PBXFrameworksBuildPhase;
			buildActionMask = 2147483647;
			files = (
			);
			runOnlyForDeploymentPostprocessing = 0;
		};
/* End PBXFrameworksBuildPhase section */

/* Begin PBXGroup section */
		AF91A42E1C9FC0C600286E9B = {
			isa = PBXGroup;
			children = (
				AF91A44C1C9FC0E000286E9B /* .gitignore */,
				AF91A4391C9FC0C600286E9B /* Photorama */,
				AF91A4381C9FC0C600286E9B /* Products */,
			);
			sourceTree = "<group>";
		};
		AF91A4381C9FC0C600286E9B /* Products */ = {
			isa = PBXGroup;
			children = (
				AF91A4371C9FC0C600286E9B /* Photorama.app */,
			);
			name = Products;
			sourceTree = "<group>";
		};
		AF91A4391C9FC0C600286E9B /* Photorama */ = {
			isa = PBXGroup;
			children = (
				AF91A43A1C9FC0C600286E9B /* AppDelegate.swift */,
				AF91A43E1C9FC0C600286E9B /* Main.storyboard */,
				AF91A4501C9FC68700286E9B /* FlickrAPI.swift */,
				AF91A4411C9FC0C600286E9B /* Assets.xcassets */,
				AF91A4431C9FC0C600286E9B /* LaunchScreen.storyboard */,
				AF91A4461C9FC0C600286E9B /* Info.plist */,
				AF91A44E1C9FC28D00286E9B /* PhotosViewController.swift */,
				AF85F1EF1CA102D6000DF74E /* PhotoStore.swift */,
			);
			path = Photorama;
			sourceTree = "<group>";
		};
/* End PBXGroup section */

/* Begin PBXNativeTarget section */
		AF91A4361C9FC0C600286E9B /* Photorama */ = {
			isa = PBXNativeTarget;
			buildConfigurationList = AF91A4491C9FC0C600286E9B /* Build configuration list for PBXNativeTarget "Photorama" */;
			buildPhases = (
				AF91A4331C9FC0C600286E9B /* Sources */,
				AF91A4341C9FC0C600286E9B /* Frameworks */,
				AF91A4351C9FC0C600286E9B /* Resources */,
			);
			buildRules = (
			);
			dependencies = (
			);
			name = Photorama;
			productName = Photorama;
			productReference = AF91A4371C9FC0C600286E9B /* Photorama.app */;
			productType = "com.apple.product-type.application";
		};
/* End PBXNativeTarget section */

/* Begin PBXProject section */
		AF91A42F1C9FC0C600286E9B /* Project object */ = {
			isa = PBXProject;
			attributes = {
				LastSwiftUpdateCheck = 0720;
				LastUpgradeCheck = 0720;
				ORGANIZATIONNAME = "Rodrigo Villatoro";
				TargetAttributes = {
					AF91A4361C9FC0C600286E9B = {
						CreatedOnToolsVersion = 7.2.1;
					};
				};
			};
			buildConfigurationList = AF91A4321C9FC0C600286E9B /* Build configuration list for PBXProject "Photorama" */;
			compatibilityVersion = "Xcode 3.2";
			developmentRegion = English;
			hasScannedForEncodings = 0;
			knownRegions = (
				en,
				Base,
			);
			mainGroup = AF91A42E1C9FC0C600286E9B;
			productRefGroup = AF91A4381C9FC0C600286E9B /* Products */;
			projectDirPath = "";
			projectRoot = "";
			targets = (
				AF91A4361C9FC0C600286E9B /* Photorama */,
			);
		};
/* End PBXProject section */

/* Begin PBXResourcesBuildPhase section */
		AF91A4351C9FC0C600286E9B /* Resources */ = {
			isa = PBXResourcesBuildPhase;
			buildActionMask = 2147483647;
			files = (
				AF91A44D1C9FC0E000286E9B /* .gitignore in Resources */,
				AF91A4451C9FC0C600286E9B /* LaunchScreen.storyboard in Resources */,
				AF91A4421C9FC0C600286E9B /* Assets.xcassets in Resources */,
				AF91A4401C9FC0C600286E9B /* Main.storyboard in Resources */,
			);
			runOnlyForDeploymentPostprocessing = 0;
		};
/* End PBXResourcesBuildPhase section */

/* Begin PBXSourcesBuildPhase section */
		AF91A4331C9FC0C600286E9B /* Sources */ = {
			isa = PBXSourcesBuildPhase;
			buildActionMask = 2147483647;
			files = (
				AF91A4511C9FC68700286E9B /* FlickrAPI.swift in Sources */,
				AF91A44F1C9FC28D00286E9B /* PhotosViewController.swift in Sources */,
				AF85F1F01CA102D6000DF74E /* PhotoStore.swift in Sources */,
				AF91A43B1C9FC0C600286E9B /* AppDelegate.swift in Sources */,
			);
			runOnlyForDeploymentPostprocessing = 0;
		};
/* End PBXSourcesBuildPhase section */

/* Begin PBXVariantGroup section */
		AF91A43E1C9FC0C600286E9B /* Main.storyboard */ = {
			isa = PBXVariantGroup;
			children = (
				AF91A43F1C9FC0C600286E9B /* Base */,
			);
			name = Main.storyboard;
			sourceTree = "<group>";
		};
		AF91A4431C9FC0C600286E9B /* LaunchScreen.storyboard */ = {
			isa = PBXVariantGroup;
			children = (
				AF91A4441C9FC0C600286E9B /* Base */,
			);
			name = LaunchScreen.storyboard;
			sourceTree = "<group>";
		};
/* End PBXVariantGroup section */

/* Begin XCBuildConfiguration section */
		AF91A4471C9FC0C600286E9B /* Debug */ = {
			isa = XCBuildConfiguration;
			buildSettings = {
				ALWAYS_SEARCH_USER_PATHS = NO;
				CLANG_CXX_LANGUAGE_STANDARD = "gnu++0x";
				CLANG_CXX_LIBRARY = "libc++";
				CLANG_ENABLE_MODULES = YES;
				CLANG_ENABLE_OBJC_ARC = YES;
				CLANG_WARN_BOOL_CONVERSION = YES;
				CLANG_WARN_CONSTANT_CONVERSION = YES;
				CLANG_WARN_DIRECT_OBJC_ISA_USAGE = YES_ERROR;
				CLANG_WARN_EMPTY_BODY = YES;
				CLANG_WARN_ENUM_CONVERSION = YES;
				CLANG_WARN_INT_CONVERSION = YES;
				CLANG_WARN_OBJC_ROOT_CLASS = YES_ERROR;
				CLANG_WARN_UNREACHABLE_CODE = YES;
				CLANG_WARN__DUPLICATE_METHOD_MATCH = YES;
				"CODE_SIGN_IDENTITY[sdk=iphoneos*]" = "iPhone Developer";
				COPY_PHASE_STRIP = NO;
				DEBUG_INFORMATION_FORMAT = dwarf;
				ENABLE_STRICT_OBJC_MSGSEND = YES;
				ENABLE_TESTABILITY = YES;
				GCC_C_LANGUAGE_STANDARD = gnu99;
				GCC_DYNAMIC_NO_PIC = NO;
				GCC_NO_COMMON_BLOCKS = YES;
				GCC_OPTIMIZATION_LEVEL = 0;
				GCC_PREPROCESSOR_DEFINITIONS = (
					"DEBUG=1",
					"$(inherited)",
				);
				GCC_WARN_64_TO_32_BIT_CONVERSION = YES;
				GCC_WARN_ABOUT_RETURN_TYPE = YES_ERROR;
				GCC_WARN_UNDECLARED_SELECTOR = YES;
				GCC_WARN_UNINITIALIZED_AUTOS = YES_AGGRESSIVE;
				GCC_WARN_UNUSED_FUNCTION = YES;
				GCC_WARN_UNUSED_VARIABLE = YES;
				IPHONEOS_DEPLOYMENT_TARGET = 9.2;
				MTL_ENABLE_DEBUG_INFO = YES;
				ONLY_ACTIVE_ARCH = YES;
				SDKROOT = iphoneos;
				SWIFT_OPTIMIZATION_LEVEL = "-Onone";
				TARGETED_DEVICE_FAMILY = "1,2";
			};
			name = Debug;
		};
		AF91A4481C9FC0C600286E9B /* Release */ = {
			isa = XCBuildConfiguration;
			buildSettings = {
				ALWAYS_SEARCH_USER_PATHS = NO;
				CLANG_CXX_LANGUAGE_STANDARD = "gnu++0x";
				CLANG_CXX_LIBRARY = "libc++";
				CLANG_ENABLE_MODULES = YES;
				CLANG_ENABLE_OBJC_ARC = YES;
				CLANG_WARN_BOOL_CONVERSION = YES;
				CLANG_WARN_CONSTANT_CONVERSION = YES;
				CLANG_WARN_DIRECT_OBJC_ISA_USAGE = YES_ERROR;
				CLANG_WARN_EMPTY_BODY = YES;
				CLANG_WARN_ENUM_CONVERSION = YES;
				CLANG_WARN_INT_CONVERSION = YES;
				CLANG_WARN_OBJC_ROOT_CLASS = YES_ERROR;
				CLANG_WARN_UNREACHABLE_CODE = YES;
				CLANG_WARN__DUPLICATE_METHOD_MATCH = YES;
				"CODE_SIGN_IDENTITY[sdk=iphoneos*]" = "iPhone Developer";
				COPY_PHASE_STRIP = NO;
				DEBUG_INFORMATION_FORMAT = "dwarf-with-dsym";
				ENABLE_NS_ASSERTIONS = NO;
				ENABLE_STRICT_OBJC_MSGSEND = YES;
				GCC_C_LANGUAGE_STANDARD = gnu99;
				GCC_NO_COMMON_BLOCKS = YES;
				GCC_WARN_64_TO_32_BIT_CONVERSION = YES;
				GCC_WARN_ABOUT_RETURN_TYPE = YES_ERROR;
				GCC_WARN_UNDECLARED_SELECTOR = YES;
				GCC_WARN_UNINITIALIZED_AUTOS = YES_AGGRESSIVE;
				GCC_WARN_UNUSED_FUNCTION = YES;
				GCC_WARN_UNUSED_VARIABLE = YES;
				IPHONEOS_DEPLOYMENT_TARGET = 9.2;
				MTL_ENABLE_DEBUG_INFO = NO;
				SDKROOT = iphoneos;
				TARGETED_DEVICE_FAMILY = "1,2";
				VALIDATE_PRODUCT = YES;
			};
			name = Release;
		};
		AF91A44A1C9FC0C600286E9B /* Debug */ = {
			isa = XCBuildConfiguration;
			buildSettings = {
				ASSETCATALOG_COMPILER_APPICON_NAME = AppIcon;
				INFOPLIST_FILE = Photorama/Info.plist;
				LD_RUNPATH_SEARCH_PATHS = "$(inherited) @executable_path/Frameworks";
				PRODUCT_BUNDLE_IDENTIFIER = com.rodrigovillatoro.Photorama;
				PRODUCT_NAME = "$(TARGET_NAME)";
			};
			name = Debug;
		};
		AF91A44B1C9FC0C600286E9B /* Release */ = {
			isa = XCBuildConfiguration;
			buildSettings = {
				ASSETCATALOG_COMPILER_APPICON_NAME = AppIcon;
				INFOPLIST_FILE = Photorama/Info.plist;
				LD_RUNPATH_SEARCH_PATHS = "$(inherited) @executable_path/Frameworks";
				PRODUCT_BUNDLE_IDENTIFIER = com.rodrigovillatoro.Photorama;
				PRODUCT_NAME = "$(TARGET_NAME)";
			};
			name = Release;
		};
/* End XCBuildConfiguration section */

/* Begin XCConfigurationList section */
		AF91A4321C9FC0C600286E9B /* Build configuration list for PBXProject "Photorama" */ = {
			isa = XCConfigurationList;
			buildConfigurations = (
				AF91A4471C9FC0C600286E9B /* Debug */,
				AF91A4481C9FC0C600286E9B /* Release */,
			);
			defaultConfigurationIsVisible = 0;
			defaultConfigurationName = Release;
		};
		AF91A4491C9FC0C600286E9B /* Build configuration list for PBXNativeTarget "Photorama" */ = {
			isa = XCConfigurationList;
			buildConfigurations = (
				AF91A44A1C9FC0C600286E9B /* Debug */,
				AF91A44B1C9FC0C600286E9B /* Release */,
			);
			defaultConfigurationIsVisible = 0;
			defaultConfigurationName = Release;
		};
/* End XCConfigurationList section */
	};
	rootObject = AF91A42F1C9FC0C600286E9B /* Project object */;
}
